
Microsoft Visual Studio Solution File, Format Version 12.00
# Visual Studio Version 16
VisualStudioVersion = 16.0.30309.148
MinimumVisualStudioVersion = 10.0.40219.1
Project("{9A19103F-16F7-4668-BE54-9A1E7A4F7556}") = "Scores", "Scores.csproj", "{FF037CC1-75F5-4339-97B0-F319FC460DC6}"
EndProject
Project("{9A19103F-16F7-4668-BE54-9A1E7A4F7556}") = "DataAccessLayer", "..\DataAccessLayer\DataAccessLayer.csproj", "{69F9B652-13D3-4B1E-8672-60A9F012D5EA}"
EndProject
Project("{9A19103F-16F7-4668-BE54-9A1E7A4F7556}") = "Services", "..\Services\Services.csproj", "{263C199E-4FA2-47B2-81AD-FBED3EEF31CC}"
EndProject
Project("{9A19103F-16F7-4668-BE54-9A1E7A4F7556}") = "Model", "..\Model\Model.csproj", "{6D01365A-F2A6-4EFD-BE80-4E5528DC73ED}"
EndProject
Project("{9A19103F-16F7-4668-BE54-9A1E7A4F7556}") = "BusinessLogic", "..\BusinessLogic\BusinessLogic.csproj", "{4D9895B3-3C49-4B30-9730-C2B9344814CE}"
EndProject
Project("{2150E333-8FDC-42A3-9474-1A3956D46DE8}") = "App", "App", "{B0F66F41-CD4B-4761-B91F-0F4AD6F38F9A}"
EndProject
Project("{2150E333-8FDC-42A3-9474-1A3956D46DE8}") = "Tests", "Tests", "{04FA748C-48FA-4421-83D5-4EE025A2B1DF}"
EndProject
Project("{2150E333-8FDC-42A3-9474-1A3956D46DE8}") = "Unit", "Unit", "{037996FA-CB38-4D3D-ACEC-E5540A4044ED}"
EndProject
Project("{FAE04EC0-301F-11D3-BF4B-00C04F79EFBC}") = "BusinessLogic.Test", "..\BusinessLogic.Test\BusinessLogic.Test.csproj", "{F8DB83C3-DCB4-49E6-AECC-17BCDAEF6DA6}"
EndProject
Project("{FAE04EC0-301F-11D3-BF4B-00C04F79EFBC}") = "Services.Test", "..\Services.Test\Services.Test.csproj", "{0FED92F7-12C2-4D7E-BBE6-9CEF1145BE51}"
EndProject
Global
	GlobalSection(SolutionConfigurationPlatforms) = preSolution
		Debug|Any CPU = Debug|Any CPU
		Release|Any CPU = Release|Any CPU
	EndGlobalSection
	GlobalSection(ProjectConfigurationPlatforms) = postSolution
		{FF037CC1-75F5-4339-97B0-F319FC460DC6}.Debug|Any CPU.ActiveCfg = Debug|Any CPU
		{FF037CC1-75F5-4339-97B0-F319FC460DC6}.Debug|Any CPU.Build.0 = Debug|Any CPU
		{FF037CC1-75F5-4339-97B0-F319FC460DC6}.Release|Any CPU.ActiveCfg = Release|Any CPU
		{FF037CC1-75F5-4339-97B0-F319FC460DC6}.Release|Any CPU.Build.0 = Release|Any CPU
		{69F9B652-13D3-4B1E-8672-60A9F012D5EA}.Debug|Any CPU.ActiveCfg = Debug|Any CPU
		{69F9B652-13D3-4B1E-8672-60A9F012D5EA}.Debug|Any CPU.Build.0 = Debug|Any CPU
		{69F9B652-13D3-4B1E-8672-60A9F012D5EA}.Release|Any CPU.ActiveCfg = Release|Any CPU
		{69F9B652-13D3-4B1E-8672-60A9F012D5EA}.Release|Any CPU.Build.0 = Release|Any CPU
		{263C199E-4FA2-47B2-81AD-FBED3EEF31CC}.Debug|Any CPU.ActiveCfg = Debug|Any CPU
		{263C199E-4FA2-47B2-81AD-FBED3EEF31CC}.Debug|Any CPU.Build.0 = Debug|Any CPU
		{263C199E-4FA2-47B2-81AD-FBED3EEF31CC}.Release|Any CPU.ActiveCfg = Release|Any CPU
		{263C199E-4FA2-47B2-81AD-FBED3EEF31CC}.Release|Any CPU.Build.0 = Release|Any CPU
		{6D01365A-F2A6-4EFD-BE80-4E5528DC73ED}.Debug|Any CPU.ActiveCfg = Debug|Any CPU
		{6D01365A-F2A6-4EFD-BE80-4E5528DC73ED}.Debug|Any CPU.Build.0 = Debug|Any CPU
		{6D01365A-F2A6-4EFD-BE80-4E5528DC73ED}.Release|Any CPU.ActiveCfg = Release|Any CPU
		{6D01365A-F2A6-4EFD-BE80-4E5528DC73ED}.Release|Any CPU.Build.0 = Release|Any CPU
		{4D9895B3-3C49-4B30-9730-C2B9344814CE}.Debug|Any CPU.ActiveCfg = Debug|Any CPU
		{4D9895B3-3C49-4B30-9730-C2B9344814CE}.Debug|Any CPU.Build.0 = Debug|Any CPU
		{4D9895B3-3C49-4B30-9730-C2B9344814CE}.Release|Any CPU.ActiveCfg = Release|Any CPU
		{4D9895B3-3C49-4B30-9730-C2B9344814CE}.Release|Any CPU.Build.0 = Release|Any CPU
		{F8DB83C3-DCB4-49E6-AECC-17BCDAEF6DA6}.Debug|Any CPU.ActiveCfg = Debug|Any CPU
		{F8DB83C3-DCB4-49E6-AECC-17BCDAEF6DA6}.Debug|Any CPU.Build.0 = Debug|Any CPU
		{F8DB83C3-DCB4-49E6-AECC-17BCDAEF6DA6}.Release|Any CPU.ActiveCfg = Release|Any CPU
		{F8DB83C3-DCB4-49E6-AECC-17BCDAEF6DA6}.Release|Any CPU.Build.0 = Release|Any CPU
		{0FED92F7-12C2-4D7E-BBE6-9CEF1145BE51}.Debug|Any CPU.ActiveCfg = Debug|Any CPU
		{0FED92F7-12C2-4D7E-BBE6-9CEF1145BE51}.Debug|Any CPU.Build.0 = Debug|Any CPU
		{0FED92F7-12C2-4D7E-BBE6-9CEF1145BE51}.Release|Any CPU.ActiveCfg = Release|Any CPU
		{0FED92F7-12C2-4D7E-BBE6-9CEF1145BE51}.Release|Any CPU.Build.0 = Release|Any CPU
	EndGlobalSection
	GlobalSection(SolutionProperties) = preSolution
		HideSolutionNode = FALSE
	EndGlobalSection
	GlobalSection(NestedProjects) = preSolution
		{FF037CC1-75F5-4339-97B0-F319FC460DC6} = {B0F66F41-CD4B-4761-B91F-0F4AD6F38F9A}
		{69F9B652-13D3-4B1E-8672-60A9F012D5EA} = {B0F66F41-CD4B-4761-B91F-0F4AD6F38F9A}
		{263C199E-4FA2-47B2-81AD-FBED3EEF31CC} = {B0F66F41-CD4B-4761-B91F-0F4AD6F38F9A}
		{6D01365A-F2A6-4EFD-BE80-4E5528DC73ED} = {B0F66F41-CD4B-4761-B91F-0F4AD6F38F9A}
		{4D9895B3-3C49-4B30-9730-C2B9344814CE} = {B0F66F41-CD4B-4761-B91F-0F4AD6F38F9A}
		{037996FA-CB38-4D3D-ACEC-E5540A4044ED} = {04FA748C-48FA-4421-83D5-4EE025A2B1DF}
		{F8DB83C3-DCB4-49E6-AECC-17BCDAEF6DA6} = {037996FA-CB38-4D3D-ACEC-E5540A4044ED}
		{0FED92F7-12C2-4D7E-BBE6-9CEF1145BE51} = {037996FA-CB38-4D3D-ACEC-E5540A4044ED}
	EndGlobalSection
	GlobalSection(ExtensibilityGlobals) = postSolution
		SolutionGuid = {5363F4BA-D19A-4271-8E2F-C6274E27ECCF}
	EndGlobalSection
EndGlobal
